// !$*UTF8*$!
{
	archiveVersion = 1;
	classes = {
	};
	objectVersion = 50;
	objects = {

/* Begin PBXBuildFile section */
		5C4872F721B9374A00FAC4B3 /* APIClient.swift in Sources */ = {isa = PBXBuildFile; fileRef = 5C4872F621B9374A00FAC4B3 /* APIClient.swift */; };
		5C60D64121B7CF3D00F35F67 /* CreateOrEditQuestionViewController.swift in Sources */ = {isa = PBXBuildFile; fileRef = 5C60D64021B7CF3D00F35F67 /* CreateOrEditQuestionViewController.swift */; };
		5CE6637821B6B5C4002898B5 /* AppDelegate.swift in Sources */ = {isa = PBXBuildFile; fileRef = 5CE6637721B6B5C4002898B5 /* AppDelegate.swift */; };
		5CE6637A21B6B5C4002898B5 /* AnwserViewController.swift in Sources */ = {isa = PBXBuildFile; fileRef = 5CE6637921B6B5C4002898B5 /* AnwserViewController.swift */; };
		5CE6637D21B6B5C4002898B5 /* Main.storyboard in Resources */ = {isa = PBXBuildFile; fileRef = 5CE6637B21B6B5C4002898B5 /* Main.storyboard */; };
		5CE6637F21B6B5C6002898B5 /* Assets.xcassets in Resources */ = {isa = PBXBuildFile; fileRef = 5CE6637E21B6B5C6002898B5 /* Assets.xcassets */; };
		5CE6638221B6B5C6002898B5 /* LaunchScreen.storyboard in Resources */ = {isa = PBXBuildFile; fileRef = 5CE6638021B6B5C6002898B5 /* LaunchScreen.storyboard */; };
		5CE6638D21B6B5C6002898B5 /* SuperQuizzTests.swift in Sources */ = {isa = PBXBuildFile; fileRef = 5CE6638C21B6B5C6002898B5 /* SuperQuizzTests.swift */; };
		5CE6639821B6B5C6002898B5 /* SuperQuizzUITests.swift in Sources */ = {isa = PBXBuildFile; fileRef = 5CE6639721B6B5C6002898B5 /* SuperQuizzUITests.swift */; };
		5CE663A621B6B769002898B5 /* QuestionsTableViewController.swift in Sources */ = {isa = PBXBuildFile; fileRef = 5CE663A521B6B769002898B5 /* QuestionsTableViewController.swift */; };
		5CE663A921B6C0F2002898B5 /* QuestionTableViewCell.swift in Sources */ = {isa = PBXBuildFile; fileRef = 5CE663A721B6C0F2002898B5 /* QuestionTableViewCell.swift */; };
		5CE663AA21B6C0F2002898B5 /* QuestionTableViewCell.xib in Resources */ = {isa = PBXBuildFile; fileRef = 5CE663A821B6C0F2002898B5 /* QuestionTableViewCell.xib */; };
		5CE663AC21B6C63D002898B5 /* Question.swift in Sources */ = {isa = PBXBuildFile; fileRef = 5CE663AB21B6C63D002898B5 /* Question.swift */; };
/* End PBXBuildFile section */

/* Begin PBXContainerItemProxy section */
		5CE6638921B6B5C6002898B5 /* PBXContainerItemProxy */ = {
			isa = PBXContainerItemProxy;
			containerPortal = 5CE6636C21B6B5C4002898B5 /* Project object */;
			proxyType = 1;
			remoteGlobalIDString = 5CE6637321B6B5C4002898B5;
			remoteInfo = SuperQuizz;
		};
		5CE6639421B6B5C6002898B5 /* PBXContainerItemProxy */ = {
			isa = PBXContainerItemProxy;
			containerPortal = 5CE6636C21B6B5C4002898B5 /* Project object */;
			proxyType = 1;
			remoteGlobalIDString = 5CE6637321B6B5C4002898B5;
			remoteInfo = SuperQuizz;
		};
/* End PBXContainerItemProxy section */

/* Begin PBXFileReference section */
		5C4872F621B9374A00FAC4B3 /* APIClient.swift */ = {isa = PBXFileReference; lastKnownFileType = sourcecode.swift; path = APIClient.swift; sourceTree = "<group>"; };
		5C60D64021B7CF3D00F35F67 /* CreateOrEditQuestionViewController.swift */ = {isa = PBXFileReference; lastKnownFileType = sourcecode.swift; path = CreateOrEditQuestionViewController.swift; sourceTree = "<group>"; };
		5CE6637421B6B5C4002898B5 /* SuperQuizz.app */ = {isa = PBXFileReference; explicitFileType = wrapper.application; includeInIndex = 0; path = SuperQuizz.app; sourceTree = BUILT_PRODUCTS_DIR; };
		5CE6637721B6B5C4002898B5 /* AppDelegate.swift */ = {isa = PBXFileReference; lastKnownFileType = sourcecode.swift; path = AppDelegate.swift; sourceTree = "<group>"; };
		5CE6637921B6B5C4002898B5 /* AnwserViewController.swift */ = {isa = PBXFileReference; lastKnownFileType = sourcecode.swift; path = AnwserViewController.swift; sourceTree = "<group>"; };
		5CE6637C21B6B5C4002898B5 /* Base */ = {isa = PBXFileReference; lastKnownFileType = file.storyboard; name = Base; path = Base.lproj/Main.storyboard; sourceTree = "<group>"; };
		5CE6637E21B6B5C6002898B5 /* Assets.xcassets */ = {isa = PBXFileReference; lastKnownFileType = folder.assetcatalog; path = Assets.xcassets; sourceTree = "<group>"; };
		5CE6638121B6B5C6002898B5 /* Base */ = {isa = PBXFileReference; lastKnownFileType = file.storyboard; name = Base; path = Base.lproj/LaunchScreen.storyboard; sourceTree = "<group>"; };
		5CE6638321B6B5C6002898B5 /* Info.plist */ = {isa = PBXFileReference; lastKnownFileType = text.plist.xml; path = Info.plist; sourceTree = "<group>"; };
		5CE6638821B6B5C6002898B5 /* SuperQuizzTests.xctest */ = {isa = PBXFileReference; explicitFileType = wrapper.cfbundle; includeInIndex = 0; path = SuperQuizzTests.xctest; sourceTree = BUILT_PRODUCTS_DIR; };
		5CE6638C21B6B5C6002898B5 /* SuperQuizzTests.swift */ = {isa = PBXFileReference; lastKnownFileType = sourcecode.swift; path = SuperQuizzTests.swift; sourceTree = "<group>"; };
		5CE6638E21B6B5C6002898B5 /* Info.plist */ = {isa = PBXFileReference; lastKnownFileType = text.plist.xml; path = Info.plist; sourceTree = "<group>"; };
		5CE6639321B6B5C6002898B5 /* SuperQuizzUITests.xctest */ = {isa = PBXFileReference; explicitFileType = wrapper.cfbundle; includeInIndex = 0; path = SuperQuizzUITests.xctest; sourceTree = BUILT_PRODUCTS_DIR; };
		5CE6639721B6B5C6002898B5 /* SuperQuizzUITests.swift */ = {isa = PBXFileReference; lastKnownFileType = sourcecode.swift; path = SuperQuizzUITests.swift; sourceTree = "<group>"; };
		5CE6639921B6B5C6002898B5 /* Info.plist */ = {isa = PBXFileReference; lastKnownFileType = text.plist.xml; path = Info.plist; sourceTree = "<group>"; };
		5CE663A521B6B769002898B5 /* QuestionsTableViewController.swift */ = {isa = PBXFileReference; lastKnownFileType = sourcecode.swift; path = QuestionsTableViewController.swift; sourceTree = "<group>"; };
		5CE663A721B6C0F2002898B5 /* QuestionTableViewCell.swift */ = {isa = PBXFileReference; lastKnownFileType = sourcecode.swift; path = QuestionTableViewCell.swift; sourceTree = "<group>"; };
		5CE663A821B6C0F2002898B5 /* QuestionTableViewCell.xib */ = {isa = PBXFileReference; lastKnownFileType = file.xib; path = QuestionTableViewCell.xib; sourceTree = "<group>"; };
		5CE663AB21B6C63D002898B5 /* Question.swift */ = {isa = PBXFileReference; lastKnownFileType = sourcecode.swift; path = Question.swift; sourceTree = "<group>"; };
/* End PBXFileReference section */

/* Begin PBXFrameworksBuildPhase section */
		5CE6637121B6B5C4002898B5 /* Frameworks */ = {
			isa = PBXFrameworksBuildPhase;
			buildActionMask = 2147483647;
			files = (
			);
			runOnlyForDeploymentPostprocessing = 0;
		};
		5CE6638521B6B5C6002898B5 /* Frameworks */ = {
			isa = PBXFrameworksBuildPhase;
			buildActionMask = 2147483647;
			files = (
			);
			runOnlyForDeploymentPostprocessing = 0;
		};
		5CE6639021B6B5C6002898B5 /* Frameworks */ = {
			isa = PBXFrameworksBuildPhase;
			buildActionMask = 2147483647;
			files = (
			);
			runOnlyForDeploymentPostprocessing = 0;
		};
/* End PBXFrameworksBuildPhase section */

/* Begin PBXGroup section */
		5C4872F521B9372B00FAC4B3 /* API */ = {
			isa = PBXGroup;
			children = (
				5C4872F621B9374A00FAC4B3 /* APIClient.swift */,
			);
			path = API;
			sourceTree = "<group>";
		};
		5C60D64221B7CF4C00F35F67 /* UI */ = {
			isa = PBXGroup;
			children = (
				5C60D64521B7CF6B00F35F67 /* IB */,
				5C60D64421B7CF6100F35F67 /* Cells */,
				5C60D64321B7CF5300F35F67 /* ViewControllers */,
			);
			path = UI;
			sourceTree = "<group>";
		};
		5C60D64321B7CF5300F35F67 /* ViewControllers */ = {
			isa = PBXGroup;
			children = (
				5CE663A521B6B769002898B5 /* QuestionsTableViewController.swift */,
				5C60D64021B7CF3D00F35F67 /* CreateOrEditQuestionViewController.swift */,
				5CE6637921B6B5C4002898B5 /* AnwserViewController.swift */,
			);
			path = ViewControllers;
			sourceTree = "<group>";
		};
		5C60D64421B7CF6100F35F67 /* Cells */ = {
			isa = PBXGroup;
			children = (
				5CE663A721B6C0F2002898B5 /* QuestionTableViewCell.swift */,
			);
			path = Cells;
			sourceTree = "<group>";
		};
		5C60D64521B7CF6B00F35F67 /* IB */ = {
			isa = PBXGroup;
			children = (
				5CE6638021B6B5C6002898B5 /* LaunchScreen.storyboard */,
				5CE6637B21B6B5C4002898B5 /* Main.storyboard */,
				5CE663A821B6C0F2002898B5 /* QuestionTableViewCell.xib */,
			);
			path = IB;
			sourceTree = "<group>";
		};
		5C60D64621B7CFA800F35F67 /* Model */ = {
			isa = PBXGroup;
			children = (
				5CE663AB21B6C63D002898B5 /* Question.swift */,
			);
			path = Model;
			sourceTree = "<group>";
		};
		5CE6636B21B6B5C4002898B5 = {
			isa = PBXGroup;
			children = (
				5CE6637621B6B5C4002898B5 /* SuperQuizz */,
				5CE6638B21B6B5C6002898B5 /* SuperQuizzTests */,
				5CE6639621B6B5C6002898B5 /* SuperQuizzUITests */,
				5CE6637521B6B5C4002898B5 /* Products */,
			);
			sourceTree = "<group>";
		};
		5CE6637521B6B5C4002898B5 /* Products */ = {
			isa = PBXGroup;
			children = (
				5CE6637421B6B5C4002898B5 /* SuperQuizz.app */,
				5CE6638821B6B5C6002898B5 /* SuperQuizzTests.xctest */,
				5CE6639321B6B5C6002898B5 /* SuperQuizzUITests.xctest */,
			);
			name = Products;
			sourceTree = "<group>";
		};
		5CE6637621B6B5C4002898B5 /* SuperQuizz */ = {
			isa = PBXGroup;
			children = (
				5C4872F521B9372B00FAC4B3 /* API */,
				5C60D64621B7CFA800F35F67 /* Model */,
				5C60D64221B7CF4C00F35F67 /* UI */,
				5CE6637721B6B5C4002898B5 /* AppDelegate.swift */,
				5CE6637E21B6B5C6002898B5 /* Assets.xcassets */,
				5CE6638321B6B5C6002898B5 /* Info.plist */,
			);
			path = SuperQuizz;
			sourceTree = "<group>";
		};
		5CE6638B21B6B5C6002898B5 /* SuperQuizzTests */ = {
			isa = PBXGroup;
			children = (
				5CE6638C21B6B5C6002898B5 /* SuperQuizzTests.swift */,
				5CE6638E21B6B5C6002898B5 /* Info.plist */,
			);
			path = SuperQuizzTests;
			sourceTree = "<group>";
		};
		5CE6639621B6B5C6002898B5 /* SuperQuizzUITests */ = {
			isa = PBXGroup;
			children = (
				5CE6639721B6B5C6002898B5 /* SuperQuizzUITests.swift */,
				5CE6639921B6B5C6002898B5 /* Info.plist */,
			);
			path = SuperQuizzUITests;
			sourceTree = "<group>";
		};
/* End PBXGroup section */

/* Begin PBXNativeTarget section */
		5CE6637321B6B5C4002898B5 /* SuperQuizz */ = {
			isa = PBXNativeTarget;
			buildConfigurationList = 5CE6639C21B6B5C6002898B5 /* Build configuration list for PBXNativeTarget "SuperQuizz" */;
			buildPhases = (
				5CE6637021B6B5C4002898B5 /* Sources */,
				5CE6637121B6B5C4002898B5 /* Frameworks */,
				5CE6637221B6B5C4002898B5 /* Resources */,
			);
			buildRules = (
			);
			dependencies = (
			);
			name = SuperQuizz;
			productName = SuperQuizz;
			productReference = 5CE6637421B6B5C4002898B5 /* SuperQuizz.app */;
			productType = "com.apple.product-type.application";
		};
		5CE6638721B6B5C6002898B5 /* SuperQuizzTests */ = {
			isa = PBXNativeTarget;
			buildConfigurationList = 5CE6639F21B6B5C6002898B5 /* Build configuration list for PBXNativeTarget "SuperQuizzTests" */;
			buildPhases = (
				5CE6638421B6B5C6002898B5 /* Sources */,
				5CE6638521B6B5C6002898B5 /* Frameworks */,
				5CE6638621B6B5C6002898B5 /* Resources */,
			);
			buildRules = (
			);
			dependencies = (
				5CE6638A21B6B5C6002898B5 /* PBXTargetDependency */,
			);
			name = SuperQuizzTests;
			productName = SuperQuizzTests;
			productReference = 5CE6638821B6B5C6002898B5 /* SuperQuizzTests.xctest */;
			productType = "com.apple.product-type.bundle.unit-test";
		};
		5CE6639221B6B5C6002898B5 /* SuperQuizzUITests */ = {
			isa = PBXNativeTarget;
			buildConfigurationList = 5CE663A221B6B5C6002898B5 /* Build configuration list for PBXNativeTarget "SuperQuizzUITests" */;
			buildPhases = (
				5CE6638F21B6B5C6002898B5 /* Sources */,
				5CE6639021B6B5C6002898B5 /* Frameworks */,
				5CE6639121B6B5C6002898B5 /* Resources */,
			);
			buildRules = (
			);
			dependencies = (
				5CE6639521B6B5C6002898B5 /* PBXTargetDependency */,
			);
			name = SuperQuizzUITests;
			productName = SuperQuizzUITests;
			productReference = 5CE6639321B6B5C6002898B5 /* SuperQuizzUITests.xctest */;
			productType = "com.apple.product-type.bundle.ui-testing";
		};
/* End PBXNativeTarget section */

/* Begin PBXProject section */
		5CE6636C21B6B5C4002898B5 /* Project object */ = {
			isa = PBXProject;
			attributes = {
				LastSwiftUpdateCheck = 1010;
				LastUpgradeCheck = 1010;
				ORGANIZATIONNAME = formation2;
				TargetAttributes = {
					5CE6637321B6B5C4002898B5 = {
						CreatedOnToolsVersion = 10.1;
					};
					5CE6638721B6B5C6002898B5 = {
						CreatedOnToolsVersion = 10.1;
						TestTargetID = 5CE6637321B6B5C4002898B5;
					};
					5CE6639221B6B5C6002898B5 = {
						CreatedOnToolsVersion = 10.1;
						TestTargetID = 5CE6637321B6B5C4002898B5;
					};
				};
			};
			buildConfigurationList = 5CE6636F21B6B5C4002898B5 /* Build configuration list for PBXProject "SuperQuizz" */;
			compatibilityVersion = "Xcode 9.3";
			developmentRegion = en;
			hasScannedForEncodings = 0;
			knownRegions = (
				en,
				Base,
			);
			mainGroup = 5CE6636B21B6B5C4002898B5;
			productRefGroup = 5CE6637521B6B5C4002898B5 /* Products */;
			projectDirPath = "";
			projectRoot = "";
			targets = (
				5CE6637321B6B5C4002898B5 /* SuperQuizz */,
				5CE6638721B6B5C6002898B5 /* SuperQuizzTests */,
				5CE6639221B6B5C6002898B5 /* SuperQuizzUITests */,
			);
		};
/* End PBXProject section */

/* Begin PBXResourcesBuildPhase section */
		5CE6637221B6B5C4002898B5 /* Resources */ = {
			isa = PBXResourcesBuildPhase;
			buildActionMask = 2147483647;
			files = (
				5CE6638221B6B5C6002898B5 /* LaunchScreen.storyboard in Resources */,
				5CE663AA21B6C0F2002898B5 /* QuestionTableViewCell.xib in Resources */,
				5CE6637F21B6B5C6002898B5 /* Assets.xcassets in Resources */,
				5CE6637D21B6B5C4002898B5 /* Main.storyboard in Resources */,
			);
			runOnlyForDeploymentPostprocessing = 0;
		};
		5CE6638621B6B5C6002898B5 /* Resources */ = {
			isa = PBXResourcesBuildPhase;
			buildActionMask = 2147483647;
			files = (
			);
			runOnlyForDeploymentPostprocessing = 0;
		};
		5CE6639121B6B5C6002898B5 /* Resources */ = {
			isa = PBXResourcesBuildPhase;
			buildActionMask = 2147483647;
			files = (
			);
			runOnlyForDeploymentPostprocessing = 0;
		};
/* End PBXResourcesBuildPhase section */

/* Begin PBXSourcesBuildPhase section */
		5CE6637021B6B5C4002898B5 /* Sources */ = {
			isa = PBXSourcesBuildPhase;
			buildActionMask = 2147483647;
			files = (
				5CE663AC21B6C63D002898B5 /* Question.swift in Sources */,
				5CE6637A21B6B5C4002898B5 /* AnwserViewController.swift in Sources */,
				5CE663A921B6C0F2002898B5 /* QuestionTableViewCell.swift in Sources */,
				5CE663A621B6B769002898B5 /* QuestionsTableViewController.swift in Sources */,
				5C4872F721B9374A00FAC4B3 /* APIClient.swift in Sources */,
				5CE6637821B6B5C4002898B5 /* AppDelegate.swift in Sources */,
				5C60D64121B7CF3D00F35F67 /* CreateOrEditQuestionViewController.swift in Sources */,
			);
			runOnlyForDeploymentPostprocessing = 0;
		};
		5CE6638421B6B5C6002898B5 /* Sources */ = {
			isa = PBXSourcesBuildPhase;
			buildActionMask = 2147483647;
			files = (
				5CE6638D21B6B5C6002898B5 /* SuperQuizzTests.swift in Sources */,
			);
			runOnlyForDeploymentPostprocessing = 0;
		};
		5CE6638F21B6B5C6002898B5 /* Sources */ = {
			isa = PBXSourcesBuildPhase;
			buildActionMask = 2147483647;
			files = (
				5CE6639821B6B5C6002898B5 /* SuperQuizzUITests.swift in Sources */,
			);
			runOnlyForDeploymentPostprocessing = 0;
		};
/* End PBXSourcesBuildPhase section */

/* Begin PBXTargetDependency section */
		5CE6638A21B6B5C6002898B5 /* PBXTargetDependency */ = {
			isa = PBXTargetDependency;
			target = 5CE6637321B6B5C4002898B5 /* SuperQuizz */;
			targetProxy = 5CE6638921B6B5C6002898B5 /* PBXContainerItemProxy */;
		};
		5CE6639521B6B5C6002898B5 /* PBXTargetDependency */ = {
			isa = PBXTargetDependency;
			target = 5CE6637321B6B5C4002898B5 /* SuperQuizz */;
			targetProxy = 5CE6639421B6B5C6002898B5 /* PBXContainerItemProxy */;
		};
/* End PBXTargetDependency section */

/* Begin PBXVariantGroup section */
		5CE6637B21B6B5C4002898B5 /* Main.storyboard */ = {
			isa = PBXVariantGroup;
			children = (
				5CE6637C21B6B5C4002898B5 /* Base */,
			);
			name = Main.storyboard;
			sourceTree = "<group>";
		};
		5CE6638021B6B5C6002898B5 /* LaunchScreen.storyboard */ = {
			isa = PBXVariantGroup;
			children = (
				5CE6638121B6B5C6002898B5 /* Base */,
			);
			name = LaunchScreen.storyboard;
			sourceTree = "<group>";
		};
/* End PBXVariantGroup section */

/* Begin XCBuildConfiguration section */
		5CE6639A21B6B5C6002898B5 /* Debug */ = {
			isa = XCBuildConfiguration;
			buildSettings = {
				ALWAYS_SEARCH_USER_PATHS = NO;
				CLANG_ANALYZER_NONNULL = YES;
				CLANG_ANALYZER_NUMBER_OBJECT_CONVERSION = YES_AGGRESSIVE;
				CLANG_CXX_LANGUAGE_STANDARD = "gnu++14";
				CLANG_CXX_LIBRARY = "libc++";
				CLANG_ENABLE_MODULES = YES;
				CLANG_ENABLE_OBJC_ARC = YES;
				CLANG_ENABLE_OBJC_WEAK = YES;
				CLANG_WARN_BLOCK_CAPTURE_AUTORELEASING = YES;
				CLANG_WARN_BOOL_CONVERSION = YES;
				CLANG_WARN_COMMA = YES;
				CLANG_WARN_CONSTANT_CONVERSION = YES;
				CLANG_WARN_DEPRECATED_OBJC_IMPLEMENTATIONS = YES;
				CLANG_WARN_DIRECT_OBJC_ISA_USAGE = YES_ERROR;
				CLANG_WARN_DOCUMENTATION_COMMENTS = YES;
				CLANG_WARN_EMPTY_BODY = YES;
				CLANG_WARN_ENUM_CONVERSION = YES;
				CLANG_WARN_INFINITE_RECURSION = YES;
				CLANG_WARN_INT_CONVERSION = YES;
				CLANG_WARN_NON_LITERAL_NULL_CONVERSION = YES;
				CLANG_WARN_OBJC_IMPLICIT_RETAIN_SELF = YES;
				CLANG_WARN_OBJC_LITERAL_CONVERSION = YES;
				CLANG_WARN_OBJC_ROOT_CLASS = YES_ERROR;
				CLANG_WARN_RANGE_LOOP_ANALYSIS = YES;
				CLANG_WARN_STRICT_PROTOTYPES = YES;
				CLANG_WARN_SUSPICIOUS_MOVE = YES;
				CLANG_WARN_UNGUARDED_AVAILABILITY = YES_AGGRESSIVE;
				CLANG_WARN_UNREACHABLE_CODE = YES;
				CLANG_WARN__DUPLICATE_METHOD_MATCH = YES;
				CODE_SIGN_IDENTITY = "iPhone Developer";
				COPY_PHASE_STRIP = NO;
				DEBUG_INFORMATION_FORMAT = dwarf;
				ENABLE_STRICT_OBJC_MSGSEND = YES;
				ENABLE_TESTABILITY = YES;
				GCC_C_LANGUAGE_STANDARD = gnu11;
				GCC_DYNAMIC_NO_PIC = NO;
				GCC_NO_COMMON_BLOCKS = YES;
				GCC_OPTIMIZATION_LEVEL = 0;
				GCC_PREPROCESSOR_DEFINITIONS = (
					"DEBUG=1",
					"$(inherited)",
				);
				GCC_WARN_64_TO_32_BIT_CONVERSION = YES;
				GCC_WARN_ABOUT_RETURN_TYPE = YES_ERROR;
				GCC_WARN_UNDECLARED_SELECTOR = YES;
				GCC_WARN_UNINITIALIZED_AUTOS = YES_AGGRESSIVE;
				GCC_WARN_UNUSED_FUNCTION = YES;
				GCC_WARN_UNUSED_VARIABLE = YES;
				IPHONEOS_DEPLOYMENT_TARGET = 12.1;
				MTL_ENABLE_DEBUG_INFO = INCLUDE_SOURCE;
				MTL_FAST_MATH = YES;
				ONLY_ACTIVE_ARCH = YES;
				SDKROOT = iphoneos;
				SWIFT_ACTIVE_COMPILATION_CONDITIONS = DEBUG;
				SWIFT_OPTIMIZATION_LEVEL = "-Onone";
			};
			name = Debug;
		};
		5CE6639B21B6B5C6002898B5 /* Release */ = {
			isa = XCBuildConfiguration;
			buildSettings = {
				ALWAYS_SEARCH_USER_PATHS = NO;
				CLANG_ANALYZER_NONNULL = YES;
				CLANG_ANALYZER_NUMBER_OBJECT_CONVERSION = YES_AGGRESSIVE;
				CLANG_CXX_LANGUAGE_STANDARD = "gnu++14";
				CLANG_CXX_LIBRARY = "libc++";
				CLANG_ENABLE_MODULES = YES;
				CLANG_ENABLE_OBJC_ARC = YES;
				CLANG_ENABLE_OBJC_WEAK = YES;
				CLANG_WARN_BLOCK_CAPTURE_AUTORELEASING = YES;
				CLANG_WARN_BOOL_CONVERSION = YES;
				CLANG_WARN_COMMA = YES;
				CLANG_WARN_CONSTANT_CONVERSION = YES;
				CLANG_WARN_DEPRECATED_OBJC_IMPLEMENTATIONS = YES;
				CLANG_WARN_DIRECT_OBJC_ISA_USAGE = YES_ERROR;
				CLANG_WARN_DOCUMENTATION_COMMENTS = YES;
				CLANG_WARN_EMPTY_BODY = YES;
				CLANG_WARN_ENUM_CONVERSION = YES;
				CLANG_WARN_INFINITE_RECURSION = YES;
				CLANG_WARN_INT_CONVERSION = YES;
				CLANG_WARN_NON_LITERAL_NULL_CONVERSION = YES;
				CLANG_WARN_OBJC_IMPLICIT_RETAIN_SELF = YES;
				CLANG_WARN_OBJC_LITERAL_CONVERSION = YES;
				CLANG_WARN_OBJC_ROOT_CLASS = YES_ERROR;
				CLANG_WARN_RANGE_LOOP_ANALYSIS = YES;
				CLANG_WARN_STRICT_PROTOTYPES = YES;
				CLANG_WARN_SUSPICIOUS_MOVE = YES;
				CLANG_WARN_UNGUARDED_AVAILABILITY = YES_AGGRESSIVE;
				CLANG_WARN_UNREACHABLE_CODE = YES;
				CLANG_WARN__DUPLICATE_METHOD_MATCH = YES;
				CODE_SIGN_IDENTITY = "iPhone Developer";
				COPY_PHASE_STRIP = NO;
				DEBUG_INFORMATION_FORMAT = "dwarf-with-dsym";
				ENABLE_NS_ASSERTIONS = NO;
				ENABLE_STRICT_OBJC_MSGSEND = YES;
				GCC_C_LANGUAGE_STANDARD = gnu11;
				GCC_NO_COMMON_BLOCKS = YES;
				GCC_WARN_64_TO_32_BIT_CONVERSION = YES;
				GCC_WARN_ABOUT_RETURN_TYPE = YES_ERROR;
				GCC_WARN_UNDECLARED_SELECTOR = YES;
				GCC_WARN_UNINITIALIZED_AUTOS = YES_AGGRESSIVE;
				GCC_WARN_UNUSED_FUNCTION = YES;
				GCC_WARN_UNUSED_VARIABLE = YES;
				IPHONEOS_DEPLOYMENT_TARGET = 12.1;
				MTL_ENABLE_DEBUG_INFO = NO;
				MTL_FAST_MATH = YES;
				SDKROOT = iphoneos;
				SWIFT_COMPILATION_MODE = wholemodule;
				SWIFT_OPTIMIZATION_LEVEL = "-O";
				VALIDATE_PRODUCT = YES;
			};
			name = Release;
		};
		5CE6639D21B6B5C6002898B5 /* Debug */ = {
			isa = XCBuildConfiguration;
			buildSettings = {
				ASSETCATALOG_COMPILER_APPICON_NAME = AppIcon;
				CODE_SIGN_STYLE = Automatic;
				INFOPLIST_FILE = SuperQuizz/Info.plist;
				LD_RUNPATH_SEARCH_PATHS = (
					"$(inherited)",
					"@executable_path/Frameworks",
				);
				PRODUCT_BUNDLE_IDENTIFIER = fr.formation2.SuperQuizz;
				PRODUCT_NAME = "$(TARGET_NAME)";
				SWIFT_VERSION = 4.2;
				TARGETED_DEVICE_FAMILY = "1,2";
			};
			name = Debug;
		};
		5CE6639E21B6B5C6002898B5 /* Release */ = {
			isa = XCBuildConfiguration;
			buildSettings = {
				ASSETCATALOG_COMPILER_APPICON_NAME = AppIcon;
				CODE_SIGN_STYLE = Automatic;
				INFOPLIST_FILE = SuperQuizz/Info.plist;
				LD_RUNPATH_SEARCH_PATHS = (
					"$(inherited)",
					"@executable_path/Frameworks",
				);
				PRODUCT_BUNDLE_IDENTIFIER = fr.formation2.SuperQuizz;
				PRODUCT_NAME = "$(TARGET_NAME)";
				SWIFT_VERSION = 4.2;
				TARGETED_DEVICE_FAMILY = "1,2";
			};
			name = Release;
		};
		5CE663A021B6B5C6002898B5 /* Debug */ = {
			isa = XCBuildConfiguration;
			buildSettings = {
				ALWAYS_EMBED_SWIFT_STANDARD_LIBRARIES = YES;
				BUNDLE_LOADER = "$(TEST_HOST)";
				CODE_SIGN_STYLE = Automatic;
				INFOPLIST_FILE = SuperQuizzTests/Info.plist;
				LD_RUNPATH_SEARCH_PATHS = (
					"$(inherited)",
					"@executable_path/Frameworks",
					"@loader_path/Frameworks",
				);
				PRODUCT_BUNDLE_IDENTIFIER = fr.formation2.SuperQuizzTests;
				PRODUCT_NAME = "$(TARGET_NAME)";
				SWIFT_VERSION = 4.2;
				TARGETED_DEVICE_FAMILY = "1,2";
				TEST_HOST = "$(BUILT_PRODUCTS_DIR)/SuperQuizz.app/SuperQuizz";
			};
			name = Debug;
		};
		5CE663A121B6B5C6002898B5 /* Release */ = {
			isa = XCBuildConfiguration;
			buildSettings = {
				ALWAYS_EMBED_SWIFT_STANDARD_LIBRARIES = YES;
				BUNDLE_LOADER = "$(TEST_HOST)";
				CODE_SIGN_STYLE = Automatic;
				INFOPLIST_FILE = SuperQuizzTests/Info.plist;
				LD_RUNPATH_SEARCH_PATHS = (
					"$(inherited)",
					"@executable_path/Frameworks",
					"@loader_path/Frameworks",
				);
				PRODUCT_BUNDLE_IDENTIFIER = fr.formation2.SuperQuizzTests;
				PRODUCT_NAME = "$(TARGET_NAME)";
				SWIFT_VERSION = 4.2;
				TARGETED_DEVICE_FAMILY = "1,2";
				TEST_HOST = "$(BUILT_PRODUCTS_DIR)/SuperQuizz.app/SuperQuizz";
			};
			name = Release;
		};
		5CE663A321B6B5C6002898B5 /* Debug */ = {
			isa = XCBuildConfiguration;
			buildSettings = {
				ALWAYS_EMBED_SWIFT_STANDARD_LIBRARIES = YES;
				CODE_SIGN_STYLE = Automatic;
				INFOPLIST_FILE = SuperQuizzUITests/Info.plist;
				LD_RUNPATH_SEARCH_PATHS = (
					"$(inherited)",
					"@executable_path/Frameworks",
					"@loader_path/Frameworks",
				);
				PRODUCT_BUNDLE_IDENTIFIER = fr.formation2.SuperQuizzUITests;
				PRODUCT_NAME = "$(TARGET_NAME)";
				SWIFT_VERSION = 4.2;
				TARGETED_DEVICE_FAMILY = "1,2";
				TEST_TARGET_NAME = SuperQuizz;
			};
			name = Debug;
		};
		5CE663A421B6B5C6002898B5 /* Release */ = {
			isa = XCBuildConfiguration;
			buildSettings = {
				ALWAYS_EMBED_SWIFT_STANDARD_LIBRARIES = YES;
				CODE_SIGN_STYLE = Automatic;
				INFOPLIST_FILE = SuperQuizzUITests/Info.plist;
				LD_RUNPATH_SEARCH_PATHS = (
					"$(inherited)",
					"@executable_path/Frameworks",
					"@loader_path/Frameworks",
				);
				PRODUCT_BUNDLE_IDENTIFIER = fr.formation2.SuperQuizzUITests;
				PRODUCT_NAME = "$(TARGET_NAME)";
				SWIFT_VERSION = 4.2;
				TARGETED_DEVICE_FAMILY = "1,2";
				TEST_TARGET_NAME = SuperQuizz;
			};
			name = Release;
		};
/* End XCBuildConfiguration section */

/* Begin XCConfigurationList section */
		5CE6636F21B6B5C4002898B5 /* Build configuration list for PBXProject "SuperQuizz" */ = {
			isa = XCConfigurationList;
			buildConfigurations = (
				5CE6639A21B6B5C6002898B5 /* Debug */,
				5CE6639B21B6B5C6002898B5 /* Release */,
			);
			defaultConfigurationIsVisible = 0;
			defaultConfigurationName = Release;
		};
		5CE6639C21B6B5C6002898B5 /* Build configuration list for PBXNativeTarget "SuperQuizz" */ = {
			isa = XCConfigurationList;
			buildConfigurations = (
				5CE6639D21B6B5C6002898B5 /* Debug */,
				5CE6639E21B6B5C6002898B5 /* Release */,
			);
			defaultConfigurationIsVisible = 0;
			defaultConfigurationName = Release;
		};
		5CE6639F21B6B5C6002898B5 /* Build configuration list for PBXNativeTarget "SuperQuizzTests" */ = {
			isa = XCConfigurationList;
			buildConfigurations = (
				5CE663A021B6B5C6002898B5 /* Debug */,
				5CE663A121B6B5C6002898B5 /* Release */,
			);
			defaultConfigurationIsVisible = 0;
			defaultConfigurationName = Release;
		};
		5CE663A221B6B5C6002898B5 /* Build configuration list for PBXNativeTarget "SuperQuizzUITests" */ = {
			isa = XCConfigurationList;
			buildConfigurations = (
				5CE663A321B6B5C6002898B5 /* Debug */,
				5CE663A421B6B5C6002898B5 /* Release */,
			);
			defaultConfigurationIsVisible = 0;
			defaultConfigurationName = Release;
		};
/* End XCConfigurationList section */
	};
	rootObject = 5CE6636C21B6B5C4002898B5 /* Project object */;
}
